
Microsoft Visual Studio Solution File, Format Version 12.00
# Visual Studio 2013
VisualStudioVersion = 12.0.30723.0
MinimumVisualStudioVersion = 10.0.40219.1
Project("{FAE04EC0-301F-11D3-BF4B-00C04F79EFBC}") = "Auth_Service", "Auth_Service\Auth_Service.csproj", "{CC7AB3C6-34CA-4197-A8A4-FD910F7126C2}"
EndProject
Project("{FAE04EC0-301F-11D3-BF4B-00C04F79EFBC}") = "User_Auth", "User_Auth\User_Auth.csproj", "{214F86A9-5A4F-4D96-B5AD-A1DDF8A8A6DC}"
EndProject
Project("{FAE04EC0-301F-11D3-BF4B-00C04F79EFBC}") = "User_Authentication", "User_Authentication\User_Authentication.csproj", "{1B01CDE5-2ED7-44D3-9C99-EF5C98B25B29}"
	ProjectSection(ProjectDependencies) = postProject
		{CC7AB3C6-34CA-4197-A8A4-FD910F7126C2} = {CC7AB3C6-34CA-4197-A8A4-FD910F7126C2}
	EndProjectSection
EndProject
Project("{FAE04EC0-301F-11D3-BF4B-00C04F79EFBC}") = "User_Authentication.Tests", "User_Authentication.Tests\User_Authentication.Tests.csproj", "{C0E871E5-B8FC-4BAD-A52E-26F53D2D1B8F}"
EndProject
Global
	GlobalSection(SolutionConfigurationPlatforms) = preSolution
		Debug|Any CPU = Debug|Any CPU
		Release|Any CPU = Release|Any CPU
	EndGlobalSection
	GlobalSection(ProjectConfigurationPlatforms) = postSolution
		{CC7AB3C6-34CA-4197-A8A4-FD910F7126C2}.Debug|Any CPU.ActiveCfg = Debug|Any CPU
		{CC7AB3C6-34CA-4197-A8A4-FD910F7126C2}.Debug|Any CPU.Build.0 = Debug|Any CPU
		{CC7AB3C6-34CA-4197-A8A4-FD910F7126C2}.Release|Any CPU.ActiveCfg = Release|Any CPU
		{CC7AB3C6-34CA-4197-A8A4-FD910F7126C2}.Release|Any CPU.Build.0 = Release|Any CPU
		{214F86A9-5A4F-4D96-B5AD-A1DDF8A8A6DC}.Debug|Any CPU.ActiveCfg = Debug|Any CPU
		{214F86A9-5A4F-4D96-B5AD-A1DDF8A8A6DC}.Debug|Any CPU.Build.0 = Debug|Any CPU
		{214F86A9-5A4F-4D96-B5AD-A1DDF8A8A6DC}.Release|Any CPU.ActiveCfg = Release|Any CPU
		{214F86A9-5A4F-4D96-B5AD-A1DDF8A8A6DC}.Release|Any CPU.Build.0 = Release|Any CPU
		{1B01CDE5-2ED7-44D3-9C99-EF5C98B25B29}.Debug|Any CPU.ActiveCfg = Debug|Any CPU
		{1B01CDE5-2ED7-44D3-9C99-EF5C98B25B29}.Debug|Any CPU.Build.0 = Debug|Any CPU
		{1B01CDE5-2ED7-44D3-9C99-EF5C98B25B29}.Release|Any CPU.ActiveCfg = Release|Any CPU
		{1B01CDE5-2ED7-44D3-9C99-EF5C98B25B29}.Release|Any CPU.Build.0 = Release|Any CPU
		{C0E871E5-B8FC-4BAD-A52E-26F53D2D1B8F}.Debug|Any CPU.ActiveCfg = Debug|Any CPU
		{C0E871E5-B8FC-4BAD-A52E-26F53D2D1B8F}.Debug|Any CPU.Build.0 = Debug|Any CPU
		{C0E871E5-B8FC-4BAD-A52E-26F53D2D1B8F}.Release|Any CPU.ActiveCfg = Release|Any CPU
		{C0E871E5-B8FC-4BAD-A52E-26F53D2D1B8F}.Release|Any CPU.Build.0 = Release|Any CPU
	EndGlobalSection
	GlobalSection(SolutionProperties) = preSolution
		HideSolutionNode = FALSE
	EndGlobalSection
EndGlobal
